
Microsoft Visual Studio Solution File, Format Version 12.00
Project("{FAE04EC0-301F-11D3-BF4B-00C04F79EFBC}") = "UI", "UI\UI.csproj", "{08B379EE-F9FE-42F9-A07B-E4C30F885CD8}"
EndProject
Project("{FAE04EC0-301F-11D3-BF4B-00C04F79EFBC}") = "Backend", "Backend\Backend.csproj", "{43AF3F58-0CCD-4443-9495-64AFC12B844D}"
EndProject
Global
	GlobalSection(SolutionConfigurationPlatforms) = preSolution
		Debug|Any CPU = Debug|Any CPU
		Release|Any CPU = Release|Any CPU
	EndGlobalSection
	GlobalSection(ProjectConfigurationPlatforms) = postSolution
		{08B379EE-F9FE-42F9-A07B-E4C30F885CD8}.Debug|Any CPU.ActiveCfg = Debug|Any CPU
		{08B379EE-F9FE-42F9-A07B-E4C30F885CD8}.Debug|Any CPU.Build.0 = Debug|Any CPU
		{08B379EE-F9FE-42F9-A07B-E4C30F885CD8}.Release|Any CPU.ActiveCfg = Release|Any CPU
		{08B379EE-F9FE-42F9-A07B-E4C30F885CD8}.Release|Any CPU.Build.0 = Release|Any CPU
		{43AF3F58-0CCD-4443-9495-64AFC12B844D}.Debug|Any CPU.ActiveCfg = Debug|Any CPU
		{43AF3F58-0CCD-4443-9495-64AFC12B844D}.Debug|Any CPU.Build.0 = Debug|Any CPU
		{43AF3F58-0CCD-4443-9495-64AFC12B844D}.Release|Any CPU.ActiveCfg = Release|Any CPU
		{43AF3F58-0CCD-4443-9495-64AFC12B844D}.Release|Any CPU.Build.0 = Release|Any CPU
	EndGlobalSection
EndGlobal
